
Microsoft Visual Studio Solution File, Format Version 12.00
# Visual Studio Version 17
VisualStudioVersion = 17.8.34511.84
MinimumVisualStudioVersion = 10.0.40219.1
Project("{FAE04EC0-301F-11D3-BF4B-00C04F79EFBC}") = "CRUDDemo.NET6.Minio", "CRUDDemo.NET6.Minio\CRUDDemo.NET6.Minio.csproj", "{7D69D921-29C2-40A0-8911-7FBD62D00535}"
EndProject
Global
	GlobalSection(SolutionConfigurationPlatforms) = preSolution
		Debug|Any CPU = Debug|Any CPU
		Release|Any CPU = Release|Any CPU
	EndGlobalSection
	GlobalSection(ProjectConfigurationPlatforms) = postSolution
		{7D69D921-29C2-40A0-8911-7FBD62D00535}.Debug|Any CPU.ActiveCfg = Debug|Any CPU
		{7D69D921-29C2-40A0-8911-7FBD62D00535}.Debug|Any CPU.Build.0 = Debug|Any CPU
		{7D69D921-29C2-40A0-8911-7FBD62D00535}.Release|Any CPU.ActiveCfg = Release|Any CPU
		{7D69D921-29C2-40A0-8911-7FBD62D00535}.Release|Any CPU.Build.0 = Release|Any CPU
	EndGlobalSection
	GlobalSection(SolutionProperties) = preSolution
		HideSolutionNode = FALSE
	EndGlobalSection
	GlobalSection(ExtensibilityGlobals) = postSolution
		SolutionGuid = {C707AEA4-9E98-4A8A-BBEE-0BAACE614761}
	EndGlobalSection
EndGlobal
